# This file is generated by running "yarn install" inside your project.
# Manual changes might be lost - proceed with caution!

__metadata:
  version: 6

"location-weather-info@workspace:.":
  version: 0.0.0-use.local
  resolution: "location-weather-info@workspace:."
  languageName: unknown
  linkType: soft
